
Microsoft Visual Studio Solution File, Format Version 12.00
# Visual Studio Version 17
VisualStudioVersion = 17.8.34004.107
MinimumVisualStudioVersion = 10.0.40219.1
Project("{9A19103F-16F7-4668-BE54-9A1E7A4F7556}") = "BenchmarkHowManyAreTrue", "BenchmarkShortVSLong\BenchmarkHowManyAreTrue.csproj", "{FA41731B-A188-4415-8324-0EA196132D8A}"
EndProject
Project("{9A19103F-16F7-4668-BE54-9A1E7A4F7556}") = "ConsoleHouseExample", "ConsoleHouseExample\ConsoleHouseExample.csproj", "{EEF81FA7-80C3-4EDD-B9BF-2B12D98B46AB}"
EndProject
Project("{9A19103F-16F7-4668-BE54-9A1E7A4F7556}") = "BenchmarkConsoleHouse", "BenchmarkConsoleHouse\BenchmarkConsoleHouse.csproj", "{9027D6E1-8C71-4B66-A7E2-167FC0F845F0}"
EndProject
Project("{9A19103F-16F7-4668-BE54-9A1E7A4F7556}") = "BenchmarkReverseString", "BenchmarkReverseString\BenchmarkReverseString.csproj", "{16FABF7A-F458-4860-A629-0C349716553F}"
EndProject
Project("{9A19103F-16F7-4668-BE54-9A1E7A4F7556}") = "ConsoleFewExample", "ConsoleFewExample\ConsoleFewExample.csproj", "{A3BABB1A-9A6D-4E53-BAF1-076BB737D0D7}"
EndProject
Global
	GlobalSection(SolutionConfigurationPlatforms) = preSolution
		Debug|Any CPU = Debug|Any CPU
		Release|Any CPU = Release|Any CPU
	EndGlobalSection
	GlobalSection(ProjectConfigurationPlatforms) = postSolution
		{FA41731B-A188-4415-8324-0EA196132D8A}.Debug|Any CPU.ActiveCfg = Debug|Any CPU
		{FA41731B-A188-4415-8324-0EA196132D8A}.Debug|Any CPU.Build.0 = Debug|Any CPU
		{FA41731B-A188-4415-8324-0EA196132D8A}.Release|Any CPU.ActiveCfg = Release|Any CPU
		{FA41731B-A188-4415-8324-0EA196132D8A}.Release|Any CPU.Build.0 = Release|Any CPU
		{EEF81FA7-80C3-4EDD-B9BF-2B12D98B46AB}.Debug|Any CPU.ActiveCfg = Debug|Any CPU
		{EEF81FA7-80C3-4EDD-B9BF-2B12D98B46AB}.Debug|Any CPU.Build.0 = Debug|Any CPU
		{EEF81FA7-80C3-4EDD-B9BF-2B12D98B46AB}.Release|Any CPU.ActiveCfg = Release|Any CPU
		{EEF81FA7-80C3-4EDD-B9BF-2B12D98B46AB}.Release|Any CPU.Build.0 = Release|Any CPU
		{9027D6E1-8C71-4B66-A7E2-167FC0F845F0}.Debug|Any CPU.ActiveCfg = Debug|Any CPU
		{9027D6E1-8C71-4B66-A7E2-167FC0F845F0}.Debug|Any CPU.Build.0 = Debug|Any CPU
		{9027D6E1-8C71-4B66-A7E2-167FC0F845F0}.Release|Any CPU.ActiveCfg = Release|Any CPU
		{9027D6E1-8C71-4B66-A7E2-167FC0F845F0}.Release|Any CPU.Build.0 = Release|Any CPU
		{16FABF7A-F458-4860-A629-0C349716553F}.Debug|Any CPU.ActiveCfg = Debug|Any CPU
		{16FABF7A-F458-4860-A629-0C349716553F}.Debug|Any CPU.Build.0 = Debug|Any CPU
		{16FABF7A-F458-4860-A629-0C349716553F}.Release|Any CPU.ActiveCfg = Release|Any CPU
		{16FABF7A-F458-4860-A629-0C349716553F}.Release|Any CPU.Build.0 = Release|Any CPU
		{A3BABB1A-9A6D-4E53-BAF1-076BB737D0D7}.Debug|Any CPU.ActiveCfg = Debug|Any CPU
		{A3BABB1A-9A6D-4E53-BAF1-076BB737D0D7}.Debug|Any CPU.Build.0 = Debug|Any CPU
		{A3BABB1A-9A6D-4E53-BAF1-076BB737D0D7}.Release|Any CPU.ActiveCfg = Release|Any CPU
		{A3BABB1A-9A6D-4E53-BAF1-076BB737D0D7}.Release|Any CPU.Build.0 = Release|Any CPU
	EndGlobalSection
	GlobalSection(SolutionProperties) = preSolution
		HideSolutionNode = FALSE
	EndGlobalSection
	GlobalSection(ExtensibilityGlobals) = postSolution
		SolutionGuid = {74A2A189-1047-4BFD-8A98-5265AB2B1DE2}
	EndGlobalSection
EndGlobal
